{
  "name": "bullsai",
  "version": "1.0.0",
  "lockfileVersion": 3,
  "requires": true,
  "packages": {
    "": {
      "name": "bullsai",
      "version": "1.0.0",
      "license": "ISC",
      "dependencies": {
        "lightweight-charts": "^5.0.6"
      }
    },
    "node_modules/fancy-canvas": {
      "version": "2.1.0",
      "resolved": "https://registry.npmjs.org/fancy-canvas/-/fancy-canvas-2.1.0.tgz",
      "integrity": "sha512-nifxXJ95JNLFR2NgRV4/MxVP45G9909wJTEKz5fg/TZS20JJZA6hfgRVh/bC9bwl2zBtBNcYPjiBE4njQHVBwQ==",
      "license": "MIT"
    },
    "node_modules/lightweight-charts": {
      "version": "5.0.6",
      "resolved": "https://registry.npmjs.org/lightweight-charts/-/lightweight-charts-5.0.6.tgz",
      "integrity": "sha512-A7mkToJ3ZPecKkWWM5afN5PZUUf5BlQ+UgcYbWuSlpe1V18n61ahtbtToCSIL0VpSgE5sQPJ/k+/ieQ7/FJe+Q==",
      "license": "Apache-2.0",
      "dependencies": {
        "fancy-canvas": "2.1.0"
      }
    }
  }
}
